
Microsoft Visual Studio Solution File, Format Version 12.00
Project("{FAE04EC0-301F-11D3-BF4B-00C04F79EFBC}") = "Fintacharts.API", "Fintacharts.API\Fintacharts.API.csproj", "{79BB1406-37D9-4098-9C2C-7146E60B4FD2}"
EndProject
Project("{FAE04EC0-301F-11D3-BF4B-00C04F79EFBC}") = "Fintacharts.API.Domain", "Fintacharts.API.Domain\Fintacharts.API.Domain.csproj", "{D5ADEA9C-3D04-4BDE-94C3-AE84372E3AD2}"
EndProject
Project("{FAE04EC0-301F-11D3-BF4B-00C04F79EFBC}") = "Fintacharts.API.Application", "Fintacharts.API.Application\Fintacharts.API.Application.csproj", "{D9F08C44-6247-4CF6-A457-C5F984BEEA99}"
EndProject
Project("{2150E333-8FDC-42A3-9474-1A3956D46DE8}") = "Environment", "Environment", "{4CA6E0FA-AD07-45EF-92AB-2458DBCB1DE9}"
	ProjectSection(SolutionItems) = preProject
		Dockerfile = Dockerfile
		.dockerignore = .dockerignore
	EndProjectSection
EndProject
Project("{2150E333-8FDC-42A3-9474-1A3956D46DE8}") = "Infrastructures", "Infrastructures", "{7FD414B2-AAA4-4DFA-B5EB-182C984E9231}"
EndProject
Project("{FAE04EC0-301F-11D3-BF4B-00C04F79EFBC}") = "Fintacharts.Api.HTTP.DataProvider", "Fintacharts.Api.HTTP.DataProvider\Fintacharts.Api.HTTP.DataProvider.csproj", "{355B3045-2E4A-435D-AC8B-421F8BE80EEF}"
EndProject
Project("{FAE04EC0-301F-11D3-BF4B-00C04F79EFBC}") = "Fintacharts.Api.WebSocket.DataProvider", "Fintacharts.Api.WebSocket.DataProvider\Fintacharts.Api.WebSocket.DataProvider.csproj", "{50D124E7-9049-4185-B5CB-064D42A3D0BB}"
EndProject
Project("{FAE04EC0-301F-11D3-BF4B-00C04F79EFBC}") = "Fintacharts.API.Database", "Fintacharts.API.Database\Fintacharts.API.Database.csproj", "{F611227C-E4CF-44F9-A221-13E7D1CAEA23}"
EndProject
Global
	GlobalSection(SolutionConfigurationPlatforms) = preSolution
		Debug|Any CPU = Debug|Any CPU
		Release|Any CPU = Release|Any CPU
	EndGlobalSection
	GlobalSection(ProjectConfigurationPlatforms) = postSolution
		{79BB1406-37D9-4098-9C2C-7146E60B4FD2}.Debug|Any CPU.ActiveCfg = Debug|Any CPU
		{79BB1406-37D9-4098-9C2C-7146E60B4FD2}.Debug|Any CPU.Build.0 = Debug|Any CPU
		{79BB1406-37D9-4098-9C2C-7146E60B4FD2}.Release|Any CPU.ActiveCfg = Release|Any CPU
		{79BB1406-37D9-4098-9C2C-7146E60B4FD2}.Release|Any CPU.Build.0 = Release|Any CPU
		{D5ADEA9C-3D04-4BDE-94C3-AE84372E3AD2}.Debug|Any CPU.ActiveCfg = Debug|Any CPU
		{D5ADEA9C-3D04-4BDE-94C3-AE84372E3AD2}.Debug|Any CPU.Build.0 = Debug|Any CPU
		{D5ADEA9C-3D04-4BDE-94C3-AE84372E3AD2}.Release|Any CPU.ActiveCfg = Release|Any CPU
		{D5ADEA9C-3D04-4BDE-94C3-AE84372E3AD2}.Release|Any CPU.Build.0 = Release|Any CPU
		{D9F08C44-6247-4CF6-A457-C5F984BEEA99}.Debug|Any CPU.ActiveCfg = Debug|Any CPU
		{D9F08C44-6247-4CF6-A457-C5F984BEEA99}.Debug|Any CPU.Build.0 = Debug|Any CPU
		{D9F08C44-6247-4CF6-A457-C5F984BEEA99}.Release|Any CPU.ActiveCfg = Release|Any CPU
		{D9F08C44-6247-4CF6-A457-C5F984BEEA99}.Release|Any CPU.Build.0 = Release|Any CPU
		{355B3045-2E4A-435D-AC8B-421F8BE80EEF}.Debug|Any CPU.ActiveCfg = Debug|Any CPU
		{355B3045-2E4A-435D-AC8B-421F8BE80EEF}.Debug|Any CPU.Build.0 = Debug|Any CPU
		{355B3045-2E4A-435D-AC8B-421F8BE80EEF}.Release|Any CPU.ActiveCfg = Release|Any CPU
		{355B3045-2E4A-435D-AC8B-421F8BE80EEF}.Release|Any CPU.Build.0 = Release|Any CPU
		{50D124E7-9049-4185-B5CB-064D42A3D0BB}.Debug|Any CPU.ActiveCfg = Debug|Any CPU
		{50D124E7-9049-4185-B5CB-064D42A3D0BB}.Debug|Any CPU.Build.0 = Debug|Any CPU
		{50D124E7-9049-4185-B5CB-064D42A3D0BB}.Release|Any CPU.ActiveCfg = Release|Any CPU
		{50D124E7-9049-4185-B5CB-064D42A3D0BB}.Release|Any CPU.Build.0 = Release|Any CPU
		{F611227C-E4CF-44F9-A221-13E7D1CAEA23}.Debug|Any CPU.ActiveCfg = Debug|Any CPU
		{F611227C-E4CF-44F9-A221-13E7D1CAEA23}.Debug|Any CPU.Build.0 = Debug|Any CPU
		{F611227C-E4CF-44F9-A221-13E7D1CAEA23}.Release|Any CPU.ActiveCfg = Release|Any CPU
		{F611227C-E4CF-44F9-A221-13E7D1CAEA23}.Release|Any CPU.Build.0 = Release|Any CPU
	EndGlobalSection
	GlobalSection(NestedProjects) = preSolution
		{355B3045-2E4A-435D-AC8B-421F8BE80EEF} = {7FD414B2-AAA4-4DFA-B5EB-182C984E9231}
		{50D124E7-9049-4185-B5CB-064D42A3D0BB} = {7FD414B2-AAA4-4DFA-B5EB-182C984E9231}
		{F611227C-E4CF-44F9-A221-13E7D1CAEA23} = {7FD414B2-AAA4-4DFA-B5EB-182C984E9231}
	EndGlobalSection
EndGlobal
